{
  "requires": true,
  "lockfileVersion": 1,
  "dependencies": {
    "uniapp-to-group": {
      "version": "2.0.0",
      "resolved": "https://registry.npmjs.org/uniapp-to-group/-/uniapp-to-group-2.0.0.tgz",
      "integrity": "sha512-IuaT2qiIL2DLZZOe/0jgQhLuT1KeoDBxU8xOrdcwpYPGb5InkR6PYPUpmJ//Tm8LQTqhlCFokv5mC1mcX1MKyw=="
    }
  }
}
